
Microsoft Visual Studio Solution File, Format Version 12.00
# Visual Studio Version 16
VisualStudioVersion = 16.0.30011.22
MinimumVisualStudioVersion = 10.0.40219.1
Project("{9A19103F-16F7-4668-BE54-9A1E7A4F7556}") = "BloodPlus.API", "BloodPlus.API\BloodPlus.API.csproj", "{9D622589-E040-493D-9CCD-42D64EB5A82E}"
EndProject
Project("{FAE04EC0-301F-11D3-BF4B-00C04F79EFBC}") = "BloodPlus.Database", "BloodPlus.Database\BloodPlus.Database.csproj", "{2BC12084-61A0-4A60-A714-10F89CBD7667}"
EndProject
Global
	GlobalSection(SolutionConfigurationPlatforms) = preSolution
		Debug|Any CPU = Debug|Any CPU
		Release|Any CPU = Release|Any CPU
	EndGlobalSection
	GlobalSection(ProjectConfigurationPlatforms) = postSolution
		{9D622589-E040-493D-9CCD-42D64EB5A82E}.Debug|Any CPU.ActiveCfg = Debug|Any CPU
		{9D622589-E040-493D-9CCD-42D64EB5A82E}.Debug|Any CPU.Build.0 = Debug|Any CPU
		{9D622589-E040-493D-9CCD-42D64EB5A82E}.Release|Any CPU.ActiveCfg = Release|Any CPU
		{9D622589-E040-493D-9CCD-42D64EB5A82E}.Release|Any CPU.Build.0 = Release|Any CPU
		{2BC12084-61A0-4A60-A714-10F89CBD7667}.Debug|Any CPU.ActiveCfg = Debug|Any CPU
		{2BC12084-61A0-4A60-A714-10F89CBD7667}.Debug|Any CPU.Build.0 = Debug|Any CPU
		{2BC12084-61A0-4A60-A714-10F89CBD7667}.Release|Any CPU.ActiveCfg = Release|Any CPU
		{2BC12084-61A0-4A60-A714-10F89CBD7667}.Release|Any CPU.Build.0 = Release|Any CPU
	EndGlobalSection
	GlobalSection(SolutionProperties) = preSolution
		HideSolutionNode = FALSE
	EndGlobalSection
	GlobalSection(ExtensibilityGlobals) = postSolution
		SolutionGuid = {87B625D6-0D5E-4EEB-8FE7-80F444F7BD3E}
	EndGlobalSection
EndGlobal
